
Microsoft Visual Studio Solution File, Format Version 12.00
# Visual Studio Version 17
VisualStudioVersion = 17.12.35506.116 d17.12
MinimumVisualStudioVersion = 10.0.40219.1
Project("{FAE04EC0-301F-11D3-BF4B-00C04F79EFBC}") = "Reservely.API", "Reservely.API.csproj", "{BBC258F0-4102-4628-80F9-4530296E6DC2}"
EndProject
Project("{FAE04EC0-301F-11D3-BF4B-00C04F79EFBC}") = "Reserverly.Domain", "..\Reserverly.Domain\Reserverly.Domain.csproj", "{E51DA960-985F-4EC5-82FD-2F22FBC7FFBD}"
EndProject
Project("{FAE04EC0-301F-11D3-BF4B-00C04F79EFBC}") = "Reservely.Infrastructure", "..\Reservely.Infrastructure\Reservely.Infrastructure.csproj", "{AC1796C9-1D99-4DAB-9923-CFB60FAF1633}"
EndProject
Project("{FAE04EC0-301F-11D3-BF4B-00C04F79EFBC}") = "Reserverly.Application", "..\Reserverly.Application\Reserverly.Application.csproj", "{2451C583-EC65-4DB2-8FC2-00FC1E498FA8}"
EndProject
Global
	GlobalSection(SolutionConfigurationPlatforms) = preSolution
		Debug|Any CPU = Debug|Any CPU
		Release|Any CPU = Release|Any CPU
	EndGlobalSection
	GlobalSection(ProjectConfigurationPlatforms) = postSolution
		{BBC258F0-4102-4628-80F9-4530296E6DC2}.Debug|Any CPU.ActiveCfg = Debug|Any CPU
		{BBC258F0-4102-4628-80F9-4530296E6DC2}.Debug|Any CPU.Build.0 = Debug|Any CPU
		{BBC258F0-4102-4628-80F9-4530296E6DC2}.Release|Any CPU.ActiveCfg = Release|Any CPU
		{BBC258F0-4102-4628-80F9-4530296E6DC2}.Release|Any CPU.Build.0 = Release|Any CPU
		{E51DA960-985F-4EC5-82FD-2F22FBC7FFBD}.Debug|Any CPU.ActiveCfg = Debug|Any CPU
		{E51DA960-985F-4EC5-82FD-2F22FBC7FFBD}.Debug|Any CPU.Build.0 = Debug|Any CPU
		{E51DA960-985F-4EC5-82FD-2F22FBC7FFBD}.Release|Any CPU.ActiveCfg = Release|Any CPU
		{E51DA960-985F-4EC5-82FD-2F22FBC7FFBD}.Release|Any CPU.Build.0 = Release|Any CPU
		{AC1796C9-1D99-4DAB-9923-CFB60FAF1633}.Debug|Any CPU.ActiveCfg = Debug|Any CPU
		{AC1796C9-1D99-4DAB-9923-CFB60FAF1633}.Debug|Any CPU.Build.0 = Debug|Any CPU
		{AC1796C9-1D99-4DAB-9923-CFB60FAF1633}.Release|Any CPU.ActiveCfg = Release|Any CPU
		{AC1796C9-1D99-4DAB-9923-CFB60FAF1633}.Release|Any CPU.Build.0 = Release|Any CPU
		{2451C583-EC65-4DB2-8FC2-00FC1E498FA8}.Debug|Any CPU.ActiveCfg = Debug|Any CPU
		{2451C583-EC65-4DB2-8FC2-00FC1E498FA8}.Debug|Any CPU.Build.0 = Debug|Any CPU
		{2451C583-EC65-4DB2-8FC2-00FC1E498FA8}.Release|Any CPU.ActiveCfg = Release|Any CPU
		{2451C583-EC65-4DB2-8FC2-00FC1E498FA8}.Release|Any CPU.Build.0 = Release|Any CPU
	EndGlobalSection
	GlobalSection(SolutionProperties) = preSolution
		HideSolutionNode = FALSE
	EndGlobalSection
EndGlobal
